
Microsoft Visual Studio Solution File, Format Version 11.00
# Visual Studio 2010
Project("{FAE04EC0-301F-11D3-BF4B-00C04F79EFBC}") = "Assembly-CSharp", "Assembly-CSharp.csproj", "{d507819f-3c45-4229-c780-923093bd508c}"
EndProject
Project("{FAE04EC0-301F-11D3-BF4B-00C04F79EFBC}") = "Assembly-CSharp-Editor", "Assembly-CSharp-Editor.csproj", "{4154b9ee-d79c-b6e2-00c3-950b3ea02697}"
EndProject
Global
	GlobalSection(SolutionConfigurationPlatforms) = preSolution
		Debug|Any CPU = Debug|Any CPU
	EndGlobalSection
	GlobalSection(ProjectConfigurationPlatforms) = postSolution
		{d507819f-3c45-4229-c780-923093bd508c}.Debug|Any CPU.ActiveCfg = Debug|Any CPU
		{d507819f-3c45-4229-c780-923093bd508c}.Debug|Any CPU.Build.0 = Debug|Any CPU
		{4154b9ee-d79c-b6e2-00c3-950b3ea02697}.Debug|Any CPU.ActiveCfg = Debug|Any CPU
		{4154b9ee-d79c-b6e2-00c3-950b3ea02697}.Debug|Any CPU.Build.0 = Debug|Any CPU
	EndGlobalSection
	GlobalSection(SolutionProperties) = preSolution
		HideSolutionNode = FALSE
	EndGlobalSection
EndGlobal
