
Microsoft Visual Studio Solution File, Format Version 11.00
# Visual Studio 2010
Project("{FAE04EC0-301F-11D3-BF4B-00C04F79EFBC}") = "Assembly-CSharp", "Assembly-CSharp.csproj", "{0adc217c-3485-2bb0-c5db-ab9db5150222}"
EndProject
Project("{FAE04EC0-301F-11D3-BF4B-00C04F79EFBC}") = "Assembly-CSharp-Editor", "Assembly-CSharp-Editor.csproj", "{5e347fbf-70ed-db8a-9453-759c80388544}"
EndProject
Global
	GlobalSection(SolutionConfigurationPlatforms) = preSolution
		Debug|Any CPU = Debug|Any CPU
	EndGlobalSection
	GlobalSection(ProjectConfigurationPlatforms) = postSolution
		{0adc217c-3485-2bb0-c5db-ab9db5150222}.Debug|Any CPU.ActiveCfg = Debug|Any CPU
		{0adc217c-3485-2bb0-c5db-ab9db5150222}.Debug|Any CPU.Build.0 = Debug|Any CPU
		{5e347fbf-70ed-db8a-9453-759c80388544}.Debug|Any CPU.ActiveCfg = Debug|Any CPU
		{5e347fbf-70ed-db8a-9453-759c80388544}.Debug|Any CPU.Build.0 = Debug|Any CPU
	EndGlobalSection
	GlobalSection(SolutionProperties) = preSolution
		HideSolutionNode = FALSE
	EndGlobalSection
EndGlobal
